
Microsoft Visual Studio Solution File, Format Version 12.00
# Visual Studio 14
VisualStudioVersion = 14.0.24720.0
MinimumVisualStudioVersion = 10.0.40219.1
Project("{FAE04EC0-301F-11D3-BF4B-00C04F79EFBC}") = "Core", "Core\Core.csproj", "{5E3BDC64-9747-4B4B-81EE-6055BD2DE1B3}"
EndProject
Project("{FAE04EC0-301F-11D3-BF4B-00C04F79EFBC}") = "Application", "Application\Application.csproj", "{2FEE9628-A3A5-481E-A506-96628B9FCE30}"
EndProject
Global
	GlobalSection(SolutionConfigurationPlatforms) = preSolution
		Debug|Any CPU = Debug|Any CPU
		Release|Any CPU = Release|Any CPU
	EndGlobalSection
	GlobalSection(ProjectConfigurationPlatforms) = postSolution
		{5E3BDC64-9747-4B4B-81EE-6055BD2DE1B3}.Debug|Any CPU.ActiveCfg = Debug|Any CPU
		{5E3BDC64-9747-4B4B-81EE-6055BD2DE1B3}.Debug|Any CPU.Build.0 = Debug|Any CPU
		{5E3BDC64-9747-4B4B-81EE-6055BD2DE1B3}.Release|Any CPU.ActiveCfg = Release|Any CPU
		{5E3BDC64-9747-4B4B-81EE-6055BD2DE1B3}.Release|Any CPU.Build.0 = Release|Any CPU
		{2FEE9628-A3A5-481E-A506-96628B9FCE30}.Debug|Any CPU.ActiveCfg = Debug|Any CPU
		{2FEE9628-A3A5-481E-A506-96628B9FCE30}.Debug|Any CPU.Build.0 = Debug|Any CPU
		{2FEE9628-A3A5-481E-A506-96628B9FCE30}.Release|Any CPU.ActiveCfg = Release|Any CPU
		{2FEE9628-A3A5-481E-A506-96628B9FCE30}.Release|Any CPU.Build.0 = Release|Any CPU
	EndGlobalSection
	GlobalSection(SolutionProperties) = preSolution
		HideSolutionNode = FALSE
	EndGlobalSection
EndGlobal
